
Microsoft Visual Studio Solution File, Format Version 12.00
# Visual Studio Version 16
VisualStudioVersion = 16.0.31424.327
MinimumVisualStudioVersion = 10.0.40219.1
Project("{FAE04EC0-301F-11D3-BF4B-00C04F79EFBC}") = "DBSecurity", "DBSecurity\DBSecurity.csproj", "{32F74DC9-9AF8-411B-BD1A-C27D819AF543}"
EndProject
Global
	GlobalSection(SolutionConfigurationPlatforms) = preSolution
		Debug|Any CPU = Debug|Any CPU
		Release|Any CPU = Release|Any CPU
	EndGlobalSection
	GlobalSection(ProjectConfigurationPlatforms) = postSolution
		{32F74DC9-9AF8-411B-BD1A-C27D819AF543}.Debug|Any CPU.ActiveCfg = Debug|Any CPU
		{32F74DC9-9AF8-411B-BD1A-C27D819AF543}.Debug|Any CPU.Build.0 = Debug|Any CPU
		{32F74DC9-9AF8-411B-BD1A-C27D819AF543}.Release|Any CPU.ActiveCfg = Release|Any CPU
		{32F74DC9-9AF8-411B-BD1A-C27D819AF543}.Release|Any CPU.Build.0 = Release|Any CPU
	EndGlobalSection
	GlobalSection(SolutionProperties) = preSolution
		HideSolutionNode = FALSE
	EndGlobalSection
	GlobalSection(ExtensibilityGlobals) = postSolution
		SolutionGuid = {7012639A-FFFD-4645-BE42-2793BF112767}
	EndGlobalSection
EndGlobal
